
Microsoft Visual Studio Solution File, Format Version 12.00
# Visual Studio 15
VisualStudioVersion = 15.0.26228.9
MinimumVisualStudioVersion = 10.0.40219.1
Project("{FAE04EC0-301F-11D3-BF4B-00C04F79EFBC}") = "AspNet", "AspNet\AspNet.csproj", "{7C236844-085B-4453-8706-D70D5765FCE7}"
EndProject
Project("{FAE04EC0-301F-11D3-BF4B-00C04F79EFBC}") = "AspNet20", "AspNet20\AspNet20.csproj", "{8D1ABF58-227F-4CE2-8D4E-5FD4BAAB6D07}"
EndProject
Project("{FAE04EC0-301F-11D3-BF4B-00C04F79EFBC}") = "AspNet40", "AspNet40\AspNet40.csproj", "{B96C72CA-B698-48FE-8046-D929F72894D0}"
EndProject
Global
	GlobalSection(SolutionConfigurationPlatforms) = preSolution
		Debug|Any CPU = Debug|Any CPU
		Release|Any CPU = Release|Any CPU
	EndGlobalSection
	GlobalSection(ProjectConfigurationPlatforms) = postSolution
		{7C236844-085B-4453-8706-D70D5765FCE7}.Debug|Any CPU.ActiveCfg = Debug|Any CPU
		{7C236844-085B-4453-8706-D70D5765FCE7}.Debug|Any CPU.Build.0 = Debug|Any CPU
		{7C236844-085B-4453-8706-D70D5765FCE7}.Release|Any CPU.ActiveCfg = Release|Any CPU
		{7C236844-085B-4453-8706-D70D5765FCE7}.Release|Any CPU.Build.0 = Release|Any CPU
		{8D1ABF58-227F-4CE2-8D4E-5FD4BAAB6D07}.Debug|Any CPU.ActiveCfg = Debug|Any CPU
		{8D1ABF58-227F-4CE2-8D4E-5FD4BAAB6D07}.Debug|Any CPU.Build.0 = Debug|Any CPU
		{8D1ABF58-227F-4CE2-8D4E-5FD4BAAB6D07}.Release|Any CPU.ActiveCfg = Release|Any CPU
		{8D1ABF58-227F-4CE2-8D4E-5FD4BAAB6D07}.Release|Any CPU.Build.0 = Release|Any CPU
		{B96C72CA-B698-48FE-8046-D929F72894D0}.Debug|Any CPU.ActiveCfg = Debug|Any CPU
		{B96C72CA-B698-48FE-8046-D929F72894D0}.Debug|Any CPU.Build.0 = Debug|Any CPU
		{B96C72CA-B698-48FE-8046-D929F72894D0}.Release|Any CPU.ActiveCfg = Release|Any CPU
		{B96C72CA-B698-48FE-8046-D929F72894D0}.Release|Any CPU.Build.0 = Release|Any CPU
	EndGlobalSection
	GlobalSection(SolutionProperties) = preSolution
		HideSolutionNode = FALSE
	EndGlobalSection
EndGlobal
